
Microsoft Visual Studio Solution File, Format Version 12.00
# Visual Studio Version 17
VisualStudioVersion = 17.3.32825.248
MinimumVisualStudioVersion = 10.0.40219.1
Project("{FAE04EC0-301F-11D3-BF4B-00C04F79EFBC}") = "Final_exam_ver2", "Final_exam_ver2\Final_exam_ver2.csproj", "{00D87A15-F3CF-4004-89B1-138F8817FD1F}"
EndProject
Project("{FAE04EC0-301F-11D3-BF4B-00C04F79EFBC}") = "WebAgencyOrder", "WebAgencyOrder\WebAgencyOrder.csproj", "{8413B23E-7E76-4E01-8CDC-0B97829090F3}"
EndProject
Project("{FAE04EC0-301F-11D3-BF4B-00C04F79EFBC}") = "GoodsDeliveryNote", "GoodsDeliveryNote\GoodsDeliveryNote.csproj", "{B93E91A8-FEA0-43E3-81DD-06FBAAE5BEA6}"
EndProject
Project("{FAE04EC0-301F-11D3-BF4B-00C04F79EFBC}") = "Statistic", "Statistic\Statistic.csproj", "{33723828-B4B2-4E49-98F7-27F6857FC89A}"
EndProject
Global
	GlobalSection(SolutionConfigurationPlatforms) = preSolution
		Debug|Any CPU = Debug|Any CPU
		Release|Any CPU = Release|Any CPU
	EndGlobalSection
	GlobalSection(ProjectConfigurationPlatforms) = postSolution
		{00D87A15-F3CF-4004-89B1-138F8817FD1F}.Debug|Any CPU.ActiveCfg = Debug|Any CPU
		{00D87A15-F3CF-4004-89B1-138F8817FD1F}.Debug|Any CPU.Build.0 = Debug|Any CPU
		{00D87A15-F3CF-4004-89B1-138F8817FD1F}.Release|Any CPU.ActiveCfg = Release|Any CPU
		{00D87A15-F3CF-4004-89B1-138F8817FD1F}.Release|Any CPU.Build.0 = Release|Any CPU
		{8413B23E-7E76-4E01-8CDC-0B97829090F3}.Debug|Any CPU.ActiveCfg = Debug|Any CPU
		{8413B23E-7E76-4E01-8CDC-0B97829090F3}.Debug|Any CPU.Build.0 = Debug|Any CPU
		{8413B23E-7E76-4E01-8CDC-0B97829090F3}.Release|Any CPU.ActiveCfg = Release|Any CPU
		{8413B23E-7E76-4E01-8CDC-0B97829090F3}.Release|Any CPU.Build.0 = Release|Any CPU
		{B93E91A8-FEA0-43E3-81DD-06FBAAE5BEA6}.Debug|Any CPU.ActiveCfg = Debug|Any CPU
		{B93E91A8-FEA0-43E3-81DD-06FBAAE5BEA6}.Debug|Any CPU.Build.0 = Debug|Any CPU
		{B93E91A8-FEA0-43E3-81DD-06FBAAE5BEA6}.Release|Any CPU.ActiveCfg = Release|Any CPU
		{B93E91A8-FEA0-43E3-81DD-06FBAAE5BEA6}.Release|Any CPU.Build.0 = Release|Any CPU
		{33723828-B4B2-4E49-98F7-27F6857FC89A}.Debug|Any CPU.ActiveCfg = Debug|Any CPU
		{33723828-B4B2-4E49-98F7-27F6857FC89A}.Debug|Any CPU.Build.0 = Debug|Any CPU
		{33723828-B4B2-4E49-98F7-27F6857FC89A}.Release|Any CPU.ActiveCfg = Release|Any CPU
		{33723828-B4B2-4E49-98F7-27F6857FC89A}.Release|Any CPU.Build.0 = Release|Any CPU
	EndGlobalSection
	GlobalSection(SolutionProperties) = preSolution
		HideSolutionNode = FALSE
	EndGlobalSection
	GlobalSection(ExtensibilityGlobals) = postSolution
		SolutionGuid = {290F2542-21DC-4A1E-8A78-2A9F044A1A3C}
	EndGlobalSection
EndGlobal
